
Microsoft Visual Studio Solution File, Format Version 12.00
# Visual Studio Version 17
VisualStudioVersion = 17.0.32112.339
MinimumVisualStudioVersion = 10.0.40219.1
Project("{FAE04EC0-301F-11D3-BF4B-00C04F79EFBC}") = "Project_Draaiboek", "Porject_Draaiboek\Project_Draaiboek.csproj", "{550E9A16-AA2C-4E98-B5CB-C7B1623975AF}"
EndProject
Global
	GlobalSection(SolutionConfigurationPlatforms) = preSolution
		Debug|Any CPU = Debug|Any CPU
		Release|Any CPU = Release|Any CPU
	EndGlobalSection
	GlobalSection(ProjectConfigurationPlatforms) = postSolution
		{550E9A16-AA2C-4E98-B5CB-C7B1623975AF}.Debug|Any CPU.ActiveCfg = Debug|Any CPU
		{550E9A16-AA2C-4E98-B5CB-C7B1623975AF}.Debug|Any CPU.Build.0 = Debug|Any CPU
		{550E9A16-AA2C-4E98-B5CB-C7B1623975AF}.Release|Any CPU.ActiveCfg = Release|Any CPU
		{550E9A16-AA2C-4E98-B5CB-C7B1623975AF}.Release|Any CPU.Build.0 = Release|Any CPU
	EndGlobalSection
	GlobalSection(SolutionProperties) = preSolution
		HideSolutionNode = FALSE
	EndGlobalSection
	GlobalSection(ExtensibilityGlobals) = postSolution
		SolutionGuid = {CF097E3B-7AEB-4342-8C8D-7255654A3770}
	EndGlobalSection
EndGlobal
